
Microsoft Visual Studio Solution File, Format Version 12.00
# Visual Studio Version 17
VisualStudioVersion = 17.6.33723.286
MinimumVisualStudioVersion = 10.0.40219.1
Project("{9A19103F-16F7-4668-BE54-9A1E7A4F7556}") = "RozvrhHodin", "RozvrhHodin.csproj", "{C7F824DC-8C10-4AAF-BD04-0680A312BD0E}"
EndProject
Project("{FAE04EC0-301F-11D3-BF4B-00C04F79EFBC}") = "UnitTesting", "..\UnitTesting\UnitTesting.csproj", "{264E6607-154F-4044-8D28-2FF22967E0FE}"
EndProject
Global
	GlobalSection(SolutionConfigurationPlatforms) = preSolution
		Debug|Any CPU = Debug|Any CPU
		Release|Any CPU = Release|Any CPU
	EndGlobalSection
	GlobalSection(ProjectConfigurationPlatforms) = postSolution
		{C7F824DC-8C10-4AAF-BD04-0680A312BD0E}.Debug|Any CPU.ActiveCfg = Debug|Any CPU
		{C7F824DC-8C10-4AAF-BD04-0680A312BD0E}.Debug|Any CPU.Build.0 = Debug|Any CPU
		{C7F824DC-8C10-4AAF-BD04-0680A312BD0E}.Release|Any CPU.ActiveCfg = Release|Any CPU
		{C7F824DC-8C10-4AAF-BD04-0680A312BD0E}.Release|Any CPU.Build.0 = Release|Any CPU
		{264E6607-154F-4044-8D28-2FF22967E0FE}.Debug|Any CPU.ActiveCfg = Debug|Any CPU
		{264E6607-154F-4044-8D28-2FF22967E0FE}.Debug|Any CPU.Build.0 = Debug|Any CPU
		{264E6607-154F-4044-8D28-2FF22967E0FE}.Release|Any CPU.ActiveCfg = Release|Any CPU
		{264E6607-154F-4044-8D28-2FF22967E0FE}.Release|Any CPU.Build.0 = Release|Any CPU
	EndGlobalSection
	GlobalSection(SolutionProperties) = preSolution
		HideSolutionNode = FALSE
	EndGlobalSection
	GlobalSection(ExtensibilityGlobals) = postSolution
		SolutionGuid = {8C40C4B1-4712-40C4-98CD-F40B648A5949}
	EndGlobalSection
EndGlobal
